
Microsoft Visual Studio Solution File, Format Version 12.00
# Visual Studio Version 16
VisualStudioVersion = 16.0.30907.101
MinimumVisualStudioVersion = 10.0.40219.1
Project("{9A19103F-16F7-4668-BE54-9A1E7A4F7556}") = "LojaVirtual", "LojaVirtual\LojaVirtual.csproj", "{D4C869D9-3DE6-499C-BC79-B5FD434F79F9}"
EndProject
Project("{FAE04EC0-301F-11D3-BF4B-00C04F79EFBC}") = "LojaVirtual.Domain", "LojaVirtual.Domain\LojaVirtual.Domain.csproj", "{D749D249-43BD-4EAC-B910-F37592040FDD}"
EndProject
Project("{FAE04EC0-301F-11D3-BF4B-00C04F79EFBC}") = "LojaVirtual.Application", "LojaVirtual.Application\LojaVirtual.Application.csproj", "{A4BAC728-27F6-4694-9555-6076A12A136D}"
EndProject
Project("{FAE04EC0-301F-11D3-BF4B-00C04F79EFBC}") = "LojaVirtual.Infrastructure", "LojaVirtual.Infrastructure\LojaVirtual.Infrastructure.csproj", "{06E2CFD0-8825-4229-861F-D87064359333}"
EndProject
Global
	GlobalSection(SolutionConfigurationPlatforms) = preSolution
		Debug|Any CPU = Debug|Any CPU
		Release|Any CPU = Release|Any CPU
	EndGlobalSection
	GlobalSection(ProjectConfigurationPlatforms) = postSolution
		{D4C869D9-3DE6-499C-BC79-B5FD434F79F9}.Debug|Any CPU.ActiveCfg = Debug|Any CPU
		{D4C869D9-3DE6-499C-BC79-B5FD434F79F9}.Debug|Any CPU.Build.0 = Debug|Any CPU
		{D4C869D9-3DE6-499C-BC79-B5FD434F79F9}.Release|Any CPU.ActiveCfg = Release|Any CPU
		{D4C869D9-3DE6-499C-BC79-B5FD434F79F9}.Release|Any CPU.Build.0 = Release|Any CPU
		{D749D249-43BD-4EAC-B910-F37592040FDD}.Debug|Any CPU.ActiveCfg = Debug|Any CPU
		{D749D249-43BD-4EAC-B910-F37592040FDD}.Debug|Any CPU.Build.0 = Debug|Any CPU
		{D749D249-43BD-4EAC-B910-F37592040FDD}.Release|Any CPU.ActiveCfg = Release|Any CPU
		{D749D249-43BD-4EAC-B910-F37592040FDD}.Release|Any CPU.Build.0 = Release|Any CPU
		{A4BAC728-27F6-4694-9555-6076A12A136D}.Debug|Any CPU.ActiveCfg = Debug|Any CPU
		{A4BAC728-27F6-4694-9555-6076A12A136D}.Debug|Any CPU.Build.0 = Debug|Any CPU
		{A4BAC728-27F6-4694-9555-6076A12A136D}.Release|Any CPU.ActiveCfg = Release|Any CPU
		{A4BAC728-27F6-4694-9555-6076A12A136D}.Release|Any CPU.Build.0 = Release|Any CPU
		{06E2CFD0-8825-4229-861F-D87064359333}.Debug|Any CPU.ActiveCfg = Debug|Any CPU
		{06E2CFD0-8825-4229-861F-D87064359333}.Debug|Any CPU.Build.0 = Debug|Any CPU
		{06E2CFD0-8825-4229-861F-D87064359333}.Release|Any CPU.ActiveCfg = Release|Any CPU
		{06E2CFD0-8825-4229-861F-D87064359333}.Release|Any CPU.Build.0 = Release|Any CPU
	EndGlobalSection
	GlobalSection(SolutionProperties) = preSolution
		HideSolutionNode = FALSE
	EndGlobalSection
	GlobalSection(ExtensibilityGlobals) = postSolution
		SolutionGuid = {9A39569C-84DA-4A45-AF1C-9579E620CC69}
	EndGlobalSection
EndGlobal
